
Microsoft Visual Studio Solution File, Format Version 12.00
# Visual Studio Version 17
VisualStudioVersion = 17.4.33103.184
MinimumVisualStudioVersion = 10.0.40219.1
Project("{888888A0-9F3D-457C-B088-3A5042F75D52}") = "MerossApi", "MerossApi.pyproj", "{DFF37AAA-A01F-405E-8F38-05354E2A502A}"
EndProject
Global
	GlobalSection(SolutionConfigurationPlatforms) = preSolution
		Debug|Any CPU = Debug|Any CPU
		Release|Any CPU = Release|Any CPU
	EndGlobalSection
	GlobalSection(ProjectConfigurationPlatforms) = postSolution
		{DFF37AAA-A01F-405E-8F38-05354E2A502A}.Debug|Any CPU.ActiveCfg = Debug|Any CPU
		{DFF37AAA-A01F-405E-8F38-05354E2A502A}.Release|Any CPU.ActiveCfg = Release|Any CPU
	EndGlobalSection
	GlobalSection(SolutionProperties) = preSolution
		HideSolutionNode = FALSE
	EndGlobalSection
	GlobalSection(ExtensibilityGlobals) = postSolution
		SolutionGuid = {2791B24D-4CD8-4D10-8E35-2935D175203F}
	EndGlobalSection
EndGlobal
